// !$*UTF8*$!
{
	archiveVersion = 1;
	classes = {
	};
	objectVersion = 46;
	objects = {

/* Begin PBXBuildFile section */
		6372E4071C4DB9FA0055F120 /* AppDelegate.swift in Sources */ = {isa = PBXBuildFile; fileRef = 6372E4061C4DB9FA0055F120 /* AppDelegate.swift */; };
		6372E4091C4DB9FA0055F120 /* ViewController.swift in Sources */ = {isa = PBXBuildFile; fileRef = 6372E4081C4DB9FA0055F120 /* ViewController.swift */; };
		6372E40C1C4DB9FA0055F120 /* Main.storyboard in Resources */ = {isa = PBXBuildFile; fileRef = 6372E40A1C4DB9FA0055F120 /* Main.storyboard */; };
		6372E40E1C4DB9FA0055F120 /* Assets.xcassets in Resources */ = {isa = PBXBuildFile; fileRef = 6372E40D1C4DB9FA0055F120 /* Assets.xcassets */; };
		6372E4111C4DB9FA0055F120 /* LaunchScreen.storyboard in Resources */ = {isa = PBXBuildFile; fileRef = 6372E40F1C4DB9FA0055F120 /* LaunchScreen.storyboard */; };
		6372E41C1C4DB9FA0055F120 /* FlicksTests.swift in Sources */ = {isa = PBXBuildFile; fileRef = 6372E41B1C4DB9FA0055F120 /* FlicksTests.swift */; };
		6372E4271C4DB9FA0055F120 /* FlicksUITests.swift in Sources */ = {isa = PBXBuildFile; fileRef = 6372E4261C4DB9FA0055F120 /* FlicksUITests.swift */; };
/* End PBXBuildFile section */

/* Begin PBXContainerItemProxy section */
		6372E4181C4DB9FA0055F120 /* PBXContainerItemProxy */ = {
			isa = PBXContainerItemProxy;
			containerPortal = 6372E3FB1C4DB9F90055F120 /* Project object */;
			proxyType = 1;
			remoteGlobalIDString = 6372E4021C4DB9FA0055F120;
			remoteInfo = Flicks;
		};
		6372E4231C4DB9FA0055F120 /* PBXContainerItemProxy */ = {
			isa = PBXContainerItemProxy;
			containerPortal = 6372E3FB1C4DB9F90055F120 /* Project object */;
			proxyType = 1;
			remoteGlobalIDString = 6372E4021C4DB9FA0055F120;
			remoteInfo = Flicks;
		};
/* End PBXContainerItemProxy section */

/* Begin PBXFileReference section */
		6372E4031C4DB9FA0055F120 /* Flicks.app */ = {isa = PBXFileReference; explicitFileType = wrapper.application; includeInIndex = 0; path = Flicks.app; sourceTree = BUILT_PRODUCTS_DIR; };
		6372E4061C4DB9FA0055F120 /* AppDelegate.swift */ = {isa = PBXFileReference; lastKnownFileType = sourcecode.swift; path = AppDelegate.swift; sourceTree = "<group>"; };
		6372E4081C4DB9FA0055F120 /* ViewController.swift */ = {isa = PBXFileReference; lastKnownFileType = sourcecode.swift; path = ViewController.swift; sourceTree = "<group>"; };
		6372E40B1C4DB9FA0055F120 /* Base */ = {isa = PBXFileReference; lastKnownFileType = file.storyboard; name = Base; path = Base.lproj/Main.storyboard; sourceTree = "<group>"; };
		6372E40D1C4DB9FA0055F120 /* Assets.xcassets */ = {isa = PBXFileReference; lastKnownFileType = folder.assetcatalog; path = Assets.xcassets; sourceTree = "<group>"; };
		6372E4101C4DB9FA0055F120 /* Base */ = {isa = PBXFileReference; lastKnownFileType = file.storyboard; name = Base; path = Base.lproj/LaunchScreen.storyboard; sourceTree = "<group>"; };
		6372E4121C4DB9FA0055F120 /* Info.plist */ = {isa = PBXFileReference; lastKnownFileType = text.plist.xml; path = Info.plist; sourceTree = "<group>"; };
		6372E4171C4DB9FA0055F120 /* FlicksTests.xctest */ = {isa = PBXFileReference; explicitFileType = wrapper.cfbundle; includeInIndex = 0; path = FlicksTests.xctest; sourceTree = BUILT_PRODUCTS_DIR; };
		6372E41B1C4DB9FA0055F120 /* FlicksTests.swift */ = {isa = PBXFileReference; lastKnownFileType = sourcecode.swift; path = FlicksTests.swift; sourceTree = "<group>"; };
		6372E41D1C4DB9FA0055F120 /* Info.plist */ = {isa = PBXFileReference; lastKnownFileType = text.plist.xml; path = Info.plist; sourceTree = "<group>"; };
		6372E4221C4DB9FA0055F120 /* FlicksUITests.xctest */ = {isa = PBXFileReference; explicitFileType = wrapper.cfbundle; includeInIndex = 0; path = FlicksUITests.xctest; sourceTree = BUILT_PRODUCTS_DIR; };
		6372E4261C4DB9FA0055F120 /* FlicksUITests.swift */ = {isa = PBXFileReference; lastKnownFileType = sourcecode.swift; path = FlicksUITests.swift; sourceTree = "<group>"; };
		6372E4281C4DB9FA0055F120 /* Info.plist */ = {isa = PBXFileReference; lastKnownFileType = text.plist.xml; path = Info.plist; sourceTree = "<group>"; };
/* End PBXFileReference section */

/* Begin PBXFrameworksBuildPhase section */
		6372E4001C4DB9FA0055F120 /* Frameworks */ = {
			isa = PBXFrameworksBuildPhase;
			buildActionMask = 2147483647;
			files = (
			);
			runOnlyForDeploymentPostprocessing = 0;
		};
		6372E4141C4DB9FA0055F120 /* Frameworks */ = {
			isa = PBXFrameworksBuildPhase;
			buildActionMask = 2147483647;
			files = (
			);
			runOnlyForDeploymentPostprocessing = 0;
		};
		6372E41F1C4DB9FA0055F120 /* Frameworks */ = {
			isa = PBXFrameworksBuildPhase;
			buildActionMask = 2147483647;
			files = (
			);
			runOnlyForDeploymentPostprocessing = 0;
		};
/* End PBXFrameworksBuildPhase section */

/* Begin PBXGroup section */
		6372E3FA1C4DB9F90055F120 = {
			isa = PBXGroup;
			children = (
				6372E4051C4DB9FA0055F120 /* Flicks */,
				6372E41A1C4DB9FA0055F120 /* FlicksTests */,
				6372E4251C4DB9FA0055F120 /* FlicksUITests */,
				6372E4041C4DB9FA0055F120 /* Products */,
			);
			sourceTree = "<group>";
		};
		6372E4041C4DB9FA0055F120 /* Products */ = {
			isa = PBXGroup;
			children = (
				6372E4031C4DB9FA0055F120 /* Flicks.app */,
				6372E4171C4DB9FA0055F120 /* FlicksTests.xctest */,
				6372E4221C4DB9FA0055F120 /* FlicksUITests.xctest */,
			);
			name = Products;
			sourceTree = "<group>";
		};
		6372E4051C4DB9FA0055F120 /* Flicks */ = {
			isa = PBXGroup;
			children = (
				6372E4061C4DB9FA0055F120 /* AppDelegate.swift */,
				6372E4081C4DB9FA0055F120 /* ViewController.swift */,
				6372E40A1C4DB9FA0055F120 /* Main.storyboard */,
				6372E40D1C4DB9FA0055F120 /* Assets.xcassets */,
				6372E40F1C4DB9FA0055F120 /* LaunchScreen.storyboard */,
				6372E4121C4DB9FA0055F120 /* Info.plist */,
			);
			path = Flicks;
			sourceTree = "<group>";
		};
		6372E41A1C4DB9FA0055F120 /* FlicksTests */ = {
			isa = PBXGroup;
			children = (
				6372E41B1C4DB9FA0055F120 /* FlicksTests.swift */,
				6372E41D1C4DB9FA0055F120 /* Info.plist */,
			);
			path = FlicksTests;
			sourceTree = "<group>";
		};
		6372E4251C4DB9FA0055F120 /* FlicksUITests */ = {
			isa = PBXGroup;
			children = (
				6372E4261C4DB9FA0055F120 /* FlicksUITests.swift */,
				6372E4281C4DB9FA0055F120 /* Info.plist */,
			);
			path = FlicksUITests;
			sourceTree = "<group>";
		};
/* End PBXGroup section */

/* Begin PBXNativeTarget section */
		6372E4021C4DB9FA0055F120 /* Flicks */ = {
			isa = PBXNativeTarget;
			buildConfigurationList = 6372E42B1C4DB9FA0055F120 /* Build configuration list for PBXNativeTarget "Flicks" */;
			buildPhases = (
				6372E3FF1C4DB9FA0055F120 /* Sources */,
				6372E4001C4DB9FA0055F120 /* Frameworks */,
				6372E4011C4DB9FA0055F120 /* Resources */,
			);
			buildRules = (
			);
			dependencies = (
			);
			name = Flicks;
			productName = Flicks;
			productReference = 6372E4031C4DB9FA0055F120 /* Flicks.app */;
			productType = "com.apple.product-type.application";
		};
		6372E4161C4DB9FA0055F120 /* FlicksTests */ = {
			isa = PBXNativeTarget;
			buildConfigurationList = 6372E42E1C4DB9FA0055F120 /* Build configuration list for PBXNativeTarget "FlicksTests" */;
			buildPhases = (
				6372E4131C4DB9FA0055F120 /* Sources */,
				6372E4141C4DB9FA0055F120 /* Frameworks */,
				6372E4151C4DB9FA0055F120 /* Resources */,
			);
			buildRules = (
			);
			dependencies = (
				6372E4191C4DB9FA0055F120 /* PBXTargetDependency */,
			);
			name = FlicksTests;
			productName = FlicksTests;
			productReference = 6372E4171C4DB9FA0055F120 /* FlicksTests.xctest */;
			productType = "com.apple.product-type.bundle.unit-test";
		};
		6372E4211C4DB9FA0055F120 /* FlicksUITests */ = {
			isa = PBXNativeTarget;
			buildConfigurationList = 6372E4311C4DB9FA0055F120 /* Build configuration list for PBXNativeTarget "FlicksUITests" */;
			buildPhases = (
				6372E41E1C4DB9FA0055F120 /* Sources */,
				6372E41F1C4DB9FA0055F120 /* Frameworks */,
				6372E4201C4DB9FA0055F120 /* Resources */,
			);
			buildRules = (
			);
			dependencies = (
				6372E4241C4DB9FA0055F120 /* PBXTargetDependency */,
			);
			name = FlicksUITests;
			productName = FlicksUITests;
			productReference = 6372E4221C4DB9FA0055F120 /* FlicksUITests.xctest */;
			productType = "com.apple.product-type.bundle.ui-testing";
		};
/* End PBXNativeTarget section */

/* Begin PBXProject section */
		6372E3FB1C4DB9F90055F120 /* Project object */ = {
			isa = PBXProject;
			attributes = {
				LastSwiftUpdateCheck = 0710;
				LastUpgradeCheck = 0710;
				ORGANIZATIONNAME = wentai;
				TargetAttributes = {
					6372E4021C4DB9FA0055F120 = {
						CreatedOnToolsVersion = 7.1;
						DevelopmentTeam = SP5ZHLYL2A;
					};
					6372E4161C4DB9FA0055F120 = {
						CreatedOnToolsVersion = 7.1;
						DevelopmentTeam = SP5ZHLYL2A;
						TestTargetID = 6372E4021C4DB9FA0055F120;
					};
					6372E4211C4DB9FA0055F120 = {
						CreatedOnToolsVersion = 7.1;
						DevelopmentTeam = SP5ZHLYL2A;
						TestTargetID = 6372E4021C4DB9FA0055F120;
					};
				};
			};
			buildConfigurationList = 6372E3FE1C4DB9F90055F120 /* Build configuration list for PBXProject "Flicks" */;
			compatibilityVersion = "Xcode 3.2";
			developmentRegion = English;
			hasScannedForEncodings = 0;
			knownRegions = (
				en,
				Base,
			);
			mainGroup = 6372E3FA1C4DB9F90055F120;
			productRefGroup = 6372E4041C4DB9FA0055F120 /* Products */;
			projectDirPath = "";
			projectRoot = "";
			targets = (
				6372E4021C4DB9FA0055F120 /* Flicks */,
				6372E4161C4DB9FA0055F120 /* FlicksTests */,
				6372E4211C4DB9FA0055F120 /* FlicksUITests */,
			);
		};
/* End PBXProject section */

/* Begin PBXResourcesBuildPhase section */
		6372E4011C4DB9FA0055F120 /* Resources */ = {
			isa = PBXResourcesBuildPhase;
			buildActionMask = 2147483647;
			files = (
				6372E4111C4DB9FA0055F120 /* LaunchScreen.storyboard in Resources */,
				6372E40E1C4DB9FA0055F120 /* Assets.xcassets in Resources */,
				6372E40C1C4DB9FA0055F120 /* Main.storyboard in Resources */,
			);
			runOnlyForDeploymentPostprocessing = 0;
		};
		6372E4151C4DB9FA0055F120 /* Resources */ = {
			isa = PBXResourcesBuildPhase;
			buildActionMask = 2147483647;
			files = (
			);
			runOnlyForDeploymentPostprocessing = 0;
		};
		6372E4201C4DB9FA0055F120 /* Resources */ = {
			isa = PBXResourcesBuildPhase;
			buildActionMask = 2147483647;
			files = (
			);
			runOnlyForDeploymentPostprocessing = 0;
		};
/* End PBXResourcesBuildPhase section */

/* Begin PBXSourcesBuildPhase section */
		6372E3FF1C4DB9FA0055F120 /* Sources */ = {
			isa = PBXSourcesBuildPhase;
			buildActionMask = 2147483647;
			files = (
				6372E4091C4DB9FA0055F120 /* ViewController.swift in Sources */,
				6372E4071C4DB9FA0055F120 /* AppDelegate.swift in Sources */,
			);
			runOnlyForDeploymentPostprocessing = 0;
		};
		6372E4131C4DB9FA0055F120 /* Sources */ = {
			isa = PBXSourcesBuildPhase;
			buildActionMask = 2147483647;
			files = (
				6372E41C1C4DB9FA0055F120 /* FlicksTests.swift in Sources */,
			);
			runOnlyForDeploymentPostprocessing = 0;
		};
		6372E41E1C4DB9FA0055F120 /* Sources */ = {
			isa = PBXSourcesBuildPhase;
			buildActionMask = 2147483647;
			files = (
				6372E4271C4DB9FA0055F120 /* FlicksUITests.swift in Sources */,
			);
			runOnlyForDeploymentPostprocessing = 0;
		};
/* End PBXSourcesBuildPhase section */

/* Begin PBXTargetDependency section */
		6372E4191C4DB9FA0055F120 /* PBXTargetDependency */ = {
			isa = PBXTargetDependency;
			target = 6372E4021C4DB9FA0055F120 /* Flicks */;
			targetProxy = 6372E4181C4DB9FA0055F120 /* PBXContainerItemProxy */;
		};
		6372E4241C4DB9FA0055F120 /* PBXTargetDependency */ = {
			isa = PBXTargetDependency;
			target = 6372E4021C4DB9FA0055F120 /* Flicks */;
			targetProxy = 6372E4231C4DB9FA0055F120 /* PBXContainerItemProxy */;
		};
/* End PBXTargetDependency section */

/* Begin PBXVariantGroup section */
		6372E40A1C4DB9FA0055F120 /* Main.storyboard */ = {
			isa = PBXVariantGroup;
			children = (
				6372E40B1C4DB9FA0055F120 /* Base */,
			);
			name = Main.storyboard;
			sourceTree = "<group>";
		};
		6372E40F1C4DB9FA0055F120 /* LaunchScreen.storyboard */ = {
			isa = PBXVariantGroup;
			children = (
				6372E4101C4DB9FA0055F120 /* Base */,
			);
			name = LaunchScreen.storyboard;
			sourceTree = "<group>";
		};
/* End PBXVariantGroup section */

/* Begin XCBuildConfiguration section */
		6372E4291C4DB9FA0055F120 /* Debug */ = {
			isa = XCBuildConfiguration;
			buildSettings = {
				ALWAYS_SEARCH_USER_PATHS = NO;
				CLANG_CXX_LANGUAGE_STANDARD = "gnu++0x";
				CLANG_CXX_LIBRARY = "libc++";
				CLANG_ENABLE_MODULES = YES;
				CLANG_ENABLE_OBJC_ARC = YES;
				CLANG_WARN_BOOL_CONVERSION = YES;
				CLANG_WARN_CONSTANT_CONVERSION = YES;
				CLANG_WARN_DIRECT_OBJC_ISA_USAGE = YES_ERROR;
				CLANG_WARN_EMPTY_BODY = YES;
				CLANG_WARN_ENUM_CONVERSION = YES;
				CLANG_WARN_INT_CONVERSION = YES;
				CLANG_WARN_OBJC_ROOT_CLASS = YES_ERROR;
				CLANG_WARN_UNREACHABLE_CODE = YES;
				CLANG_WARN__DUPLICATE_METHOD_MATCH = YES;
				"CODE_SIGN_IDENTITY[sdk=iphoneos*]" = "iPhone Developer";
				COPY_PHASE_STRIP = NO;
				DEBUG_INFORMATION_FORMAT = dwarf;
				ENABLE_STRICT_OBJC_MSGSEND = YES;
				ENABLE_TESTABILITY = YES;
				GCC_C_LANGUAGE_STANDARD = gnu99;
				GCC_DYNAMIC_NO_PIC = NO;
				GCC_NO_COMMON_BLOCKS = YES;
				GCC_OPTIMIZATION_LEVEL = 0;
				GCC_PREPROCESSOR_DEFINITIONS = (
					"DEBUG=1",
					"$(inherited)",
				);
				GCC_WARN_64_TO_32_BIT_CONVERSION = YES;
				GCC_WARN_ABOUT_RETURN_TYPE = YES_ERROR;
				GCC_WARN_UNDECLARED_SELECTOR = YES;
				GCC_WARN_UNINITIALIZED_AUTOS = YES_AGGRESSIVE;
				GCC_WARN_UNUSED_FUNCTION = YES;
				GCC_WARN_UNUSED_VARIABLE = YES;
				IPHONEOS_DEPLOYMENT_TARGET = 9.1;
				MTL_ENABLE_DEBUG_INFO = YES;
				ONLY_ACTIVE_ARCH = YES;
				SDKROOT = iphoneos;
				SWIFT_OPTIMIZATION_LEVEL = "-Onone";
			};
			name = Debug;
		};
		6372E42A1C4DB9FA0055F120 /* Release */ = {
			isa = XCBuildConfiguration;
			buildSettings = {
				ALWAYS_SEARCH_USER_PATHS = NO;
				CLANG_CXX_LANGUAGE_STANDARD = "gnu++0x";
				CLANG_CXX_LIBRARY = "libc++";
				CLANG_ENABLE_MODULES = YES;
				CLANG_ENABLE_OBJC_ARC = YES;
				CLANG_WARN_BOOL_CONVERSION = YES;
				CLANG_WARN_CONSTANT_CONVERSION = YES;
				CLANG_WARN_DIRECT_OBJC_ISA_USAGE = YES_ERROR;
				CLANG_WARN_EMPTY_BODY = YES;
				CLANG_WARN_ENUM_CONVERSION = YES;
				CLANG_WARN_INT_CONVERSION = YES;
				CLANG_WARN_OBJC_ROOT_CLASS = YES_ERROR;
				CLANG_WARN_UNREACHABLE_CODE = YES;
				CLANG_WARN__DUPLICATE_METHOD_MATCH = YES;
				"CODE_SIGN_IDENTITY[sdk=iphoneos*]" = "iPhone Developer";
				COPY_PHASE_STRIP = NO;
				DEBUG_INFORMATION_FORMAT = "dwarf-with-dsym";
				ENABLE_NS_ASSERTIONS = NO;
				ENABLE_STRICT_OBJC_MSGSEND = YES;
				GCC_C_LANGUAGE_STANDARD = gnu99;
				GCC_NO_COMMON_BLOCKS = YES;
				GCC_WARN_64_TO_32_BIT_CONVERSION = YES;
				GCC_WARN_ABOUT_RETURN_TYPE = YES_ERROR;
				GCC_WARN_UNDECLARED_SELECTOR = YES;
				GCC_WARN_UNINITIALIZED_AUTOS = YES_AGGRESSIVE;
				GCC_WARN_UNUSED_FUNCTION = YES;
				GCC_WARN_UNUSED_VARIABLE = YES;
				IPHONEOS_DEPLOYMENT_TARGET = 9.1;
				MTL_ENABLE_DEBUG_INFO = NO;
				SDKROOT = iphoneos;
				VALIDATE_PRODUCT = YES;
			};
			name = Release;
		};
		6372E42C1C4DB9FA0055F120 /* Debug */ = {
			isa = XCBuildConfiguration;
			buildSettings = {
				ASSETCATALOG_COMPILER_APPICON_NAME = AppIcon;
				INFOPLIST_FILE = Flicks/Info.plist;
				LD_RUNPATH_SEARCH_PATHS = "$(inherited) @executable_path/Frameworks";
				PRODUCT_BUNDLE_IDENTIFIER = wentai.Flicks;
				PRODUCT_NAME = "$(TARGET_NAME)";
			};
			name = Debug;
		};
		6372E42D1C4DB9FA0055F120 /* Release */ = {
			isa = XCBuildConfiguration;
			buildSettings = {
				ASSETCATALOG_COMPILER_APPICON_NAME = AppIcon;
				INFOPLIST_FILE = Flicks/Info.plist;
				LD_RUNPATH_SEARCH_PATHS = "$(inherited) @executable_path/Frameworks";
				PRODUCT_BUNDLE_IDENTIFIER = wentai.Flicks;
				PRODUCT_NAME = "$(TARGET_NAME)";
			};
			name = Release;
		};
		6372E42F1C4DB9FA0055F120 /* Debug */ = {
			isa = XCBuildConfiguration;
			buildSettings = {
				BUNDLE_LOADER = "$(TEST_HOST)";
				INFOPLIST_FILE = FlicksTests/Info.plist;
				LD_RUNPATH_SEARCH_PATHS = "$(inherited) @executable_path/Frameworks @loader_path/Frameworks";
				PRODUCT_BUNDLE_IDENTIFIER = wentai.FlicksTests;
				PRODUCT_NAME = "$(TARGET_NAME)";
				TEST_HOST = "$(BUILT_PRODUCTS_DIR)/Flicks.app/Flicks";
			};
			name = Debug;
		};
		6372E4301C4DB9FA0055F120 /* Release */ = {
			isa = XCBuildConfiguration;
			buildSettings = {
				BUNDLE_LOADER = "$(TEST_HOST)";
				INFOPLIST_FILE = FlicksTests/Info.plist;
				LD_RUNPATH_SEARCH_PATHS = "$(inherited) @executable_path/Frameworks @loader_path/Frameworks";
				PRODUCT_BUNDLE_IDENTIFIER = wentai.FlicksTests;
				PRODUCT_NAME = "$(TARGET_NAME)";
				TEST_HOST = "$(BUILT_PRODUCTS_DIR)/Flicks.app/Flicks";
			};
			name = Release;
		};
		6372E4321C4DB9FA0055F120 /* Debug */ = {
			isa = XCBuildConfiguration;
			buildSettings = {
				INFOPLIST_FILE = FlicksUITests/Info.plist;
				LD_RUNPATH_SEARCH_PATHS = "$(inherited) @executable_path/Frameworks @loader_path/Frameworks";
				PRODUCT_BUNDLE_IDENTIFIER = wentai.FlicksUITests;
				PRODUCT_NAME = "$(TARGET_NAME)";
				TEST_TARGET_NAME = Flicks;
				USES_XCTRUNNER = YES;
			};
			name = Debug;
		};
		6372E4331C4DB9FA0055F120 /* Release */ = {
			isa = XCBuildConfiguration;
			buildSettings = {
				INFOPLIST_FILE = FlicksUITests/Info.plist;
				LD_RUNPATH_SEARCH_PATHS = "$(inherited) @executable_path/Frameworks @loader_path/Frameworks";
				PRODUCT_BUNDLE_IDENTIFIER = wentai.FlicksUITests;
				PRODUCT_NAME = "$(TARGET_NAME)";
				TEST_TARGET_NAME = Flicks;
				USES_XCTRUNNER = YES;
			};
			name = Release;
		};
/* End XCBuildConfiguration section */

/* Begin XCConfigurationList section */
		6372E3FE1C4DB9F90055F120 /* Build configuration list for PBXProject "Flicks" */ = {
			isa = XCConfigurationList;
			buildConfigurations = (
				6372E4291C4DB9FA0055F120 /* Debug */,
				6372E42A1C4DB9FA0055F120 /* Release */,
			);
			defaultConfigurationIsVisible = 0;
			defaultConfigurationName = Release;
		};
		6372E42B1C4DB9FA0055F120 /* Build configuration list for PBXNativeTarget "Flicks" */ = {
			isa = XCConfigurationList;
			buildConfigurations = (
				6372E42C1C4DB9FA0055F120 /* Debug */,
				6372E42D1C4DB9FA0055F120 /* Release */,
			);
			defaultConfigurationIsVisible = 0;
		};
		6372E42E1C4DB9FA0055F120 /* Build configuration list for PBXNativeTarget "FlicksTests" */ = {
			isa = XCConfigurationList;
			buildConfigurations = (
				6372E42F1C4DB9FA0055F120 /* Debug */,
				6372E4301C4DB9FA0055F120 /* Release */,
			);
			defaultConfigurationIsVisible = 0;
		};
		6372E4311C4DB9FA0055F120 /* Build configuration list for PBXNativeTarget "FlicksUITests" */ = {
			isa = XCConfigurationList;
			buildConfigurations = (
				6372E4321C4DB9FA0055F120 /* Debug */,
				6372E4331C4DB9FA0055F120 /* Release */,
			);
			defaultConfigurationIsVisible = 0;
		};
/* End XCConfigurationList section */
	};
	rootObject = 6372E3FB1C4DB9F90055F120 /* Project object */;
}
