// !$*UTF8*$!
{
	archiveVersion = 1;
	classes = {
	};
	objectVersion = 46;
	objects = {

/* Begin PBXBuildFile section */
		1A085CC6A971D5E195D36572 /* Pods_MovieViewer.framework in Frameworks */ = {isa = PBXBuildFile; fileRef = ABD69E6AC1392D7BF5A84D3C /* Pods_MovieViewer.framework */; };
		6340D23C1C5410EC004F91CB /* Media.xcassets in Resources */ = {isa = PBXBuildFile; fileRef = 6340D23B1C5410EC004F91CB /* Media.xcassets */; };
		847B4B6A1C433DBC001D83AE /* AppDelegate.swift in Sources */ = {isa = PBXBuildFile; fileRef = 847B4B691C433DBC001D83AE /* AppDelegate.swift */; };
		847B4B6F1C433DBC001D83AE /* Main.storyboard in Resources */ = {isa = PBXBuildFile; fileRef = 847B4B6D1C433DBC001D83AE /* Main.storyboard */; };
		847B4B741C433DBC001D83AE /* LaunchScreen.storyboard in Resources */ = {isa = PBXBuildFile; fileRef = 847B4B721C433DBC001D83AE /* LaunchScreen.storyboard */; };
		847B4B7C1C433E39001D83AE /* MoviesViewController.swift in Sources */ = {isa = PBXBuildFile; fileRef = 847B4B7B1C433E39001D83AE /* MoviesViewController.swift */; };
		847B4B7F1C435435001D83AE /* MovieCell.swift in Sources */ = {isa = PBXBuildFile; fileRef = 847B4B7E1C435435001D83AE /* MovieCell.swift */; };
/* End PBXBuildFile section */

/* Begin PBXFileReference section */
		007AB0EA098746D195885AC6 /* Pods-MovieViewer.debug.xcconfig */ = {isa = PBXFileReference; includeInIndex = 1; lastKnownFileType = text.xcconfig; name = "Pods-MovieViewer.debug.xcconfig"; path = "Pods/Target Support Files/Pods-MovieViewer/Pods-MovieViewer.debug.xcconfig"; sourceTree = "<group>"; };
		6340D23B1C5410EC004F91CB /* Media.xcassets */ = {isa = PBXFileReference; lastKnownFileType = folder.assetcatalog; path = Media.xcassets; sourceTree = "<group>"; };
		847B4B661C433DBC001D83AE /* MovieViewer.app */ = {isa = PBXFileReference; explicitFileType = wrapper.application; includeInIndex = 0; path = MovieViewer.app; sourceTree = BUILT_PRODUCTS_DIR; };
		847B4B691C433DBC001D83AE /* AppDelegate.swift */ = {isa = PBXFileReference; lastKnownFileType = sourcecode.swift; path = AppDelegate.swift; sourceTree = "<group>"; };
		847B4B6E1C433DBC001D83AE /* Base */ = {isa = PBXFileReference; lastKnownFileType = file.storyboard; name = Base; path = Base.lproj/Main.storyboard; sourceTree = "<group>"; };
		847B4B731C433DBC001D83AE /* Base */ = {isa = PBXFileReference; lastKnownFileType = file.storyboard; name = Base; path = Base.lproj/LaunchScreen.storyboard; sourceTree = "<group>"; };
		847B4B751C433DBC001D83AE /* Info.plist */ = {isa = PBXFileReference; lastKnownFileType = text.plist.xml; path = Info.plist; sourceTree = "<group>"; };
		847B4B7B1C433E39001D83AE /* MoviesViewController.swift */ = {isa = PBXFileReference; fileEncoding = 4; lastKnownFileType = sourcecode.swift; path = MoviesViewController.swift; sourceTree = "<group>"; };
		847B4B7E1C435435001D83AE /* MovieCell.swift */ = {isa = PBXFileReference; fileEncoding = 4; lastKnownFileType = sourcecode.swift; path = MovieCell.swift; sourceTree = "<group>"; };
		9B5D372A47B3E4D462C97FEB /* Pods-MovieViewer.release.xcconfig */ = {isa = PBXFileReference; includeInIndex = 1; lastKnownFileType = text.xcconfig; name = "Pods-MovieViewer.release.xcconfig"; path = "Pods/Target Support Files/Pods-MovieViewer/Pods-MovieViewer.release.xcconfig"; sourceTree = "<group>"; };
		ABD69E6AC1392D7BF5A84D3C /* Pods_MovieViewer.framework */ = {isa = PBXFileReference; explicitFileType = wrapper.framework; includeInIndex = 0; path = Pods_MovieViewer.framework; sourceTree = BUILT_PRODUCTS_DIR; };
/* End PBXFileReference section */

/* Begin PBXFrameworksBuildPhase section */
		847B4B631C433DBC001D83AE /* Frameworks */ = {
			isa = PBXFrameworksBuildPhase;
			buildActionMask = 2147483647;
			files = (
				1A085CC6A971D5E195D36572 /* Pods_MovieViewer.framework in Frameworks */,
			);
			runOnlyForDeploymentPostprocessing = 0;
		};
/* End PBXFrameworksBuildPhase section */

/* Begin PBXGroup section */
		7A527345CEAB8B8D10186CC0 /* Frameworks */ = {
			isa = PBXGroup;
			children = (
				ABD69E6AC1392D7BF5A84D3C /* Pods_MovieViewer.framework */,
			);
			name = Frameworks;
			sourceTree = "<group>";
		};
		847B4B5D1C433DBC001D83AE = {
			isa = PBXGroup;
			children = (
				6340D23B1C5410EC004F91CB /* Media.xcassets */,
				847B4B681C433DBC001D83AE /* MovieViewer */,
				847B4B671C433DBC001D83AE /* Products */,
				9287BC852DB155EB074F611B /* Pods */,
				7A527345CEAB8B8D10186CC0 /* Frameworks */,
			);
			sourceTree = "<group>";
		};
		847B4B671C433DBC001D83AE /* Products */ = {
			isa = PBXGroup;
			children = (
				847B4B661C433DBC001D83AE /* MovieViewer.app */,
			);
			name = Products;
			sourceTree = "<group>";
		};
		847B4B681C433DBC001D83AE /* MovieViewer */ = {
			isa = PBXGroup;
			children = (
				847B4B801C43543F001D83AE /* View Controllers */,
				847B4B7D1C435403001D83AE /* Views */,
				847B4B691C433DBC001D83AE /* AppDelegate.swift */,
				847B4B6D1C433DBC001D83AE /* Main.storyboard */,
				847B4B721C433DBC001D83AE /* LaunchScreen.storyboard */,
				847B4B751C433DBC001D83AE /* Info.plist */,
			);
			path = MovieViewer;
			sourceTree = "<group>";
		};
		847B4B7D1C435403001D83AE /* Views */ = {
			isa = PBXGroup;
			children = (
				847B4B7E1C435435001D83AE /* MovieCell.swift */,
			);
			name = Views;
			sourceTree = "<group>";
		};
		847B4B801C43543F001D83AE /* View Controllers */ = {
			isa = PBXGroup;
			children = (
				847B4B7B1C433E39001D83AE /* MoviesViewController.swift */,
			);
			name = "View Controllers";
			sourceTree = "<group>";
		};
		9287BC852DB155EB074F611B /* Pods */ = {
			isa = PBXGroup;
			children = (
				007AB0EA098746D195885AC6 /* Pods-MovieViewer.debug.xcconfig */,
				9B5D372A47B3E4D462C97FEB /* Pods-MovieViewer.release.xcconfig */,
			);
			name = Pods;
			sourceTree = "<group>";
		};
/* End PBXGroup section */

/* Begin PBXNativeTarget section */
		847B4B651C433DBC001D83AE /* MovieViewer */ = {
			isa = PBXNativeTarget;
			buildConfigurationList = 847B4B781C433DBC001D83AE /* Build configuration list for PBXNativeTarget "MovieViewer" */;
			buildPhases = (
				1A8EC03CB5D048AECE378F43 /* Check Pods Manifest.lock */,
				847B4B621C433DBC001D83AE /* Sources */,
				847B4B631C433DBC001D83AE /* Frameworks */,
				847B4B641C433DBC001D83AE /* Resources */,
				18CE091906D74F13E46BE1E4 /* Embed Pods Frameworks */,
				5391D3DA51C7822006CA3CF8 /* Copy Pods Resources */,
			);
			buildRules = (
			);
			dependencies = (
			);
			name = MovieViewer;
			productName = MovieViewer;
			productReference = 847B4B661C433DBC001D83AE /* MovieViewer.app */;
			productType = "com.apple.product-type.application";
		};
/* End PBXNativeTarget section */

/* Begin PBXProject section */
		847B4B5E1C433DBC001D83AE /* Project object */ = {
			isa = PBXProject;
			attributes = {
				LastSwiftUpdateCheck = 0710;
				LastUpgradeCheck = 0710;
				ORGANIZATIONNAME = "Malik Browne";
				TargetAttributes = {
					847B4B651C433DBC001D83AE = {
						CreatedOnToolsVersion = 7.1.1;
					};
				};
			};
			buildConfigurationList = 847B4B611C433DBC001D83AE /* Build configuration list for PBXProject "MovieViewer" */;
			compatibilityVersion = "Xcode 3.2";
			developmentRegion = English;
			hasScannedForEncodings = 0;
			knownRegions = (
				en,
				Base,
			);
			mainGroup = 847B4B5D1C433DBC001D83AE;
			productRefGroup = 847B4B671C433DBC001D83AE /* Products */;
			projectDirPath = "";
			projectRoot = "";
			targets = (
				847B4B651C433DBC001D83AE /* MovieViewer */,
			);
		};
/* End PBXProject section */

/* Begin PBXResourcesBuildPhase section */
		847B4B641C433DBC001D83AE /* Resources */ = {
			isa = PBXResourcesBuildPhase;
			buildActionMask = 2147483647;
			files = (
				847B4B741C433DBC001D83AE /* LaunchScreen.storyboard in Resources */,
				6340D23C1C5410EC004F91CB /* Media.xcassets in Resources */,
				847B4B6F1C433DBC001D83AE /* Main.storyboard in Resources */,
			);
			runOnlyForDeploymentPostprocessing = 0;
		};
/* End PBXResourcesBuildPhase section */

/* Begin PBXShellScriptBuildPhase section */
		18CE091906D74F13E46BE1E4 /* Embed Pods Frameworks */ = {
			isa = PBXShellScriptBuildPhase;
			buildActionMask = 2147483647;
			files = (
			);
			inputPaths = (
			);
			name = "Embed Pods Frameworks";
			outputPaths = (
			);
			runOnlyForDeploymentPostprocessing = 0;
			shellPath = /bin/sh;
			shellScript = "\"${SRCROOT}/Pods/Target Support Files/Pods-MovieViewer/Pods-MovieViewer-frameworks.sh\"\n";
			showEnvVarsInLog = 0;
		};
		1A8EC03CB5D048AECE378F43 /* Check Pods Manifest.lock */ = {
			isa = PBXShellScriptBuildPhase;
			buildActionMask = 2147483647;
			files = (
			);
			inputPaths = (
			);
			name = "Check Pods Manifest.lock";
			outputPaths = (
			);
			runOnlyForDeploymentPostprocessing = 0;
			shellPath = /bin/sh;
			shellScript = "diff \"${PODS_ROOT}/../Podfile.lock\" \"${PODS_ROOT}/Manifest.lock\" > /dev/null\nif [[ $? != 0 ]] ; then\n    cat << EOM\nerror: The sandbox is not in sync with the Podfile.lock. Run 'pod install' or update your CocoaPods installation.\nEOM\n    exit 1\nfi\n";
			showEnvVarsInLog = 0;
		};
		5391D3DA51C7822006CA3CF8 /* Copy Pods Resources */ = {
			isa = PBXShellScriptBuildPhase;
			buildActionMask = 2147483647;
			files = (
			);
			inputPaths = (
			);
			name = "Copy Pods Resources";
			outputPaths = (
			);
			runOnlyForDeploymentPostprocessing = 0;
			shellPath = /bin/sh;
			shellScript = "\"${SRCROOT}/Pods/Target Support Files/Pods-MovieViewer/Pods-MovieViewer-resources.sh\"\n";
			showEnvVarsInLog = 0;
		};
/* End PBXShellScriptBuildPhase section */

/* Begin PBXSourcesBuildPhase section */
		847B4B621C433DBC001D83AE /* Sources */ = {
			isa = PBXSourcesBuildPhase;
			buildActionMask = 2147483647;
			files = (
				847B4B6A1C433DBC001D83AE /* AppDelegate.swift in Sources */,
				847B4B7C1C433E39001D83AE /* MoviesViewController.swift in Sources */,
				847B4B7F1C435435001D83AE /* MovieCell.swift in Sources */,
			);
			runOnlyForDeploymentPostprocessing = 0;
		};
/* End PBXSourcesBuildPhase section */

/* Begin PBXVariantGroup section */
		847B4B6D1C433DBC001D83AE /* Main.storyboard */ = {
			isa = PBXVariantGroup;
			children = (
				847B4B6E1C433DBC001D83AE /* Base */,
			);
			name = Main.storyboard;
			sourceTree = "<group>";
		};
		847B4B721C433DBC001D83AE /* LaunchScreen.storyboard */ = {
			isa = PBXVariantGroup;
			children = (
				847B4B731C433DBC001D83AE /* Base */,
			);
			name = LaunchScreen.storyboard;
			sourceTree = "<group>";
		};
/* End PBXVariantGroup section */

/* Begin XCBuildConfiguration section */
		847B4B761C433DBC001D83AE /* Debug */ = {
			isa = XCBuildConfiguration;
			buildSettings = {
				ALWAYS_SEARCH_USER_PATHS = NO;
				CLANG_CXX_LANGUAGE_STANDARD = "gnu++0x";
				CLANG_CXX_LIBRARY = "libc++";
				CLANG_ENABLE_MODULES = YES;
				CLANG_ENABLE_OBJC_ARC = YES;
				CLANG_WARN_BOOL_CONVERSION = YES;
				CLANG_WARN_CONSTANT_CONVERSION = YES;
				CLANG_WARN_DIRECT_OBJC_ISA_USAGE = YES_ERROR;
				CLANG_WARN_EMPTY_BODY = YES;
				CLANG_WARN_ENUM_CONVERSION = YES;
				CLANG_WARN_INT_CONVERSION = YES;
				CLANG_WARN_OBJC_ROOT_CLASS = YES_ERROR;
				CLANG_WARN_UNREACHABLE_CODE = YES;
				CLANG_WARN__DUPLICATE_METHOD_MATCH = YES;
				"CODE_SIGN_IDENTITY[sdk=iphoneos*]" = "iPhone Developer";
				COPY_PHASE_STRIP = NO;
				DEBUG_INFORMATION_FORMAT = dwarf;
				ENABLE_STRICT_OBJC_MSGSEND = YES;
				ENABLE_TESTABILITY = YES;
				GCC_C_LANGUAGE_STANDARD = gnu99;
				GCC_DYNAMIC_NO_PIC = NO;
				GCC_NO_COMMON_BLOCKS = YES;
				GCC_OPTIMIZATION_LEVEL = 0;
				GCC_PREPROCESSOR_DEFINITIONS = (
					"DEBUG=1",
					"$(inherited)",
				);
				GCC_WARN_64_TO_32_BIT_CONVERSION = YES;
				GCC_WARN_ABOUT_RETURN_TYPE = YES_ERROR;
				GCC_WARN_UNDECLARED_SELECTOR = YES;
				GCC_WARN_UNINITIALIZED_AUTOS = YES_AGGRESSIVE;
				GCC_WARN_UNUSED_FUNCTION = YES;
				GCC_WARN_UNUSED_VARIABLE = YES;
				IPHONEOS_DEPLOYMENT_TARGET = 9.1;
				MTL_ENABLE_DEBUG_INFO = YES;
				ONLY_ACTIVE_ARCH = YES;
				SDKROOT = iphoneos;
				SWIFT_OPTIMIZATION_LEVEL = "-Onone";
				TARGETED_DEVICE_FAMILY = "1,2";
			};
			name = Debug;
		};
		847B4B771C433DBC001D83AE /* Release */ = {
			isa = XCBuildConfiguration;
			buildSettings = {
				ALWAYS_SEARCH_USER_PATHS = NO;
				CLANG_CXX_LANGUAGE_STANDARD = "gnu++0x";
				CLANG_CXX_LIBRARY = "libc++";
				CLANG_ENABLE_MODULES = YES;
				CLANG_ENABLE_OBJC_ARC = YES;
				CLANG_WARN_BOOL_CONVERSION = YES;
				CLANG_WARN_CONSTANT_CONVERSION = YES;
				CLANG_WARN_DIRECT_OBJC_ISA_USAGE = YES_ERROR;
				CLANG_WARN_EMPTY_BODY = YES;
				CLANG_WARN_ENUM_CONVERSION = YES;
				CLANG_WARN_INT_CONVERSION = YES;
				CLANG_WARN_OBJC_ROOT_CLASS = YES_ERROR;
				CLANG_WARN_UNREACHABLE_CODE = YES;
				CLANG_WARN__DUPLICATE_METHOD_MATCH = YES;
				"CODE_SIGN_IDENTITY[sdk=iphoneos*]" = "iPhone Developer";
				COPY_PHASE_STRIP = NO;
				DEBUG_INFORMATION_FORMAT = "dwarf-with-dsym";
				ENABLE_NS_ASSERTIONS = NO;
				ENABLE_STRICT_OBJC_MSGSEND = YES;
				GCC_C_LANGUAGE_STANDARD = gnu99;
				GCC_NO_COMMON_BLOCKS = YES;
				GCC_WARN_64_TO_32_BIT_CONVERSION = YES;
				GCC_WARN_ABOUT_RETURN_TYPE = YES_ERROR;
				GCC_WARN_UNDECLARED_SELECTOR = YES;
				GCC_WARN_UNINITIALIZED_AUTOS = YES_AGGRESSIVE;
				GCC_WARN_UNUSED_FUNCTION = YES;
				GCC_WARN_UNUSED_VARIABLE = YES;
				IPHONEOS_DEPLOYMENT_TARGET = 9.1;
				MTL_ENABLE_DEBUG_INFO = NO;
				SDKROOT = iphoneos;
				TARGETED_DEVICE_FAMILY = "1,2";
				VALIDATE_PRODUCT = YES;
			};
			name = Release;
		};
		847B4B791C433DBC001D83AE /* Debug */ = {
			isa = XCBuildConfiguration;
			baseConfigurationReference = 007AB0EA098746D195885AC6 /* Pods-MovieViewer.debug.xcconfig */;
			buildSettings = {
				ASSETCATALOG_COMPILER_APPICON_NAME = AppIcon;
				INFOPLIST_FILE = MovieViewer/Info.plist;
				LD_RUNPATH_SEARCH_PATHS = "$(inherited) @executable_path/Frameworks";
				PRODUCT_BUNDLE_IDENTIFIER = malikbrowne.MovieViewer;
				PRODUCT_NAME = "$(TARGET_NAME)";
			};
			name = Debug;
		};
		847B4B7A1C433DBC001D83AE /* Release */ = {
			isa = XCBuildConfiguration;
			baseConfigurationReference = 9B5D372A47B3E4D462C97FEB /* Pods-MovieViewer.release.xcconfig */;
			buildSettings = {
				ASSETCATALOG_COMPILER_APPICON_NAME = AppIcon;
				INFOPLIST_FILE = MovieViewer/Info.plist;
				LD_RUNPATH_SEARCH_PATHS = "$(inherited) @executable_path/Frameworks";
				PRODUCT_BUNDLE_IDENTIFIER = malikbrowne.MovieViewer;
				PRODUCT_NAME = "$(TARGET_NAME)";
			};
			name = Release;
		};
/* End XCBuildConfiguration section */

/* Begin XCConfigurationList section */
		847B4B611C433DBC001D83AE /* Build configuration list for PBXProject "MovieViewer" */ = {
			isa = XCConfigurationList;
			buildConfigurations = (
				847B4B761C433DBC001D83AE /* Debug */,
				847B4B771C433DBC001D83AE /* Release */,
			);
			defaultConfigurationIsVisible = 0;
			defaultConfigurationName = Release;
		};
		847B4B781C433DBC001D83AE /* Build configuration list for PBXNativeTarget "MovieViewer" */ = {
			isa = XCConfigurationList;
			buildConfigurations = (
				847B4B791C433DBC001D83AE /* Debug */,
				847B4B7A1C433DBC001D83AE /* Release */,
			);
			defaultConfigurationIsVisible = 0;
			defaultConfigurationName = Release;
		};
/* End XCConfigurationList section */
	};
	rootObject = 847B4B5E1C433DBC001D83AE /* Project object */;
}
